
Microsoft Visual Studio Solution File, Format Version 12.00
# Visual Studio Version 17
VisualStudioVersion = 17.7.34221.43
MinimumVisualStudioVersion = 10.0.40219.1
Project("{FAE04EC0-301F-11D3-BF4B-00C04F79EFBC}") = "Practic 5", "Practic 5\Practic 5.csproj", "{AEE75644-F6A7-49A7-8BE1-2E53456FAEBD}"
EndProject
Global
	GlobalSection(SolutionConfigurationPlatforms) = preSolution
		Debug|Any CPU = Debug|Any CPU
		Release|Any CPU = Release|Any CPU
	EndGlobalSection
	GlobalSection(ProjectConfigurationPlatforms) = postSolution
		{AEE75644-F6A7-49A7-8BE1-2E53456FAEBD}.Debug|Any CPU.ActiveCfg = Debug|Any CPU
		{AEE75644-F6A7-49A7-8BE1-2E53456FAEBD}.Debug|Any CPU.Build.0 = Debug|Any CPU
		{AEE75644-F6A7-49A7-8BE1-2E53456FAEBD}.Release|Any CPU.ActiveCfg = Release|Any CPU
		{AEE75644-F6A7-49A7-8BE1-2E53456FAEBD}.Release|Any CPU.Build.0 = Release|Any CPU
	EndGlobalSection
	GlobalSection(SolutionProperties) = preSolution
		HideSolutionNode = FALSE
	EndGlobalSection
	GlobalSection(ExtensibilityGlobals) = postSolution
		SolutionGuid = {7F4D5B6D-A204-4515-8E8C-61146BF54DFD}
	EndGlobalSection
EndGlobal
